
Microsoft Visual Studio Solution File, Format Version 12.00
# Visual Studio Version 17
VisualStudioVersion = 17.5.2.0
MinimumVisualStudioVersion = 10.0.40219.1
Project("{FAE04EC0-301F-11D3-BF4B-00C04F79EFBC}") = "UnitConvert", "UnitConvert\UnitConvert.csproj", "{9896901A-03B4-7D54-607F-52717C82A091}"
EndProject
Project("{FAE04EC0-301F-11D3-BF4B-00C04F79EFBC}") = "ErrorCalculator", "ErrorCalculator\ErrorCalculator.csproj", "{EEFD6777-2375-4370-B3B6-6DFD4EE3F2EE}"
EndProject
Project("{2150E333-8FDC-42A3-9474-1A3956D46DE8}") = "Coulomb_law_calculator", "Coulomb_law_calculator", "{F22ED796-7499-BB43-3AE7-3216FC7CD94B}"
EndProject
Project("{FAE04EC0-301F-11D3-BF4B-00C04F79EFBC}") = "ForceCalculator", "Coulomb_law_calculator\ForceCalculator.csproj", "{3E0517F2-20C8-423B-8391-31F19A05AC81}"
EndProject
Project("{2150E333-8FDC-42A3-9474-1A3956D46DE8}") = "Coulomb_law_simulation", "Coulomb_law_simulation", "{06E776DE-E611-289D-6E08-27401DA8D9E2}"
EndProject
Project("{FAE04EC0-301F-11D3-BF4B-00C04F79EFBC}") = "Assembly-CSharp", "Coulomb_law_simulation\Assembly-CSharp.csproj", "{0D4E3923-E6E2-00BC-56B2-6FB633066048}"
EndProject
Project("{FAE04EC0-301F-11D3-BF4B-00C04F79EFBC}") = "PhysicsUtils", "PhysicsUtils\PhysicsUtils.csproj", "{40CB4428-1453-448A-AC00-1CA4038EE949}"
EndProject
Global
	GlobalSection(SolutionConfigurationPlatforms) = preSolution
		Debug|Any CPU = Debug|Any CPU
		Debug|x64 = Debug|x64
		Debug|x86 = Debug|x86
		Release|Any CPU = Release|Any CPU
		Release|x64 = Release|x64
		Release|x86 = Release|x86
	EndGlobalSection
	GlobalSection(ProjectConfigurationPlatforms) = postSolution
		{9896901A-03B4-7D54-607F-52717C82A091}.Debug|Any CPU.ActiveCfg = Debug|Any CPU
		{9896901A-03B4-7D54-607F-52717C82A091}.Debug|Any CPU.Build.0 = Debug|Any CPU
		{9896901A-03B4-7D54-607F-52717C82A091}.Debug|x64.ActiveCfg = Debug|Any CPU
		{9896901A-03B4-7D54-607F-52717C82A091}.Debug|x64.Build.0 = Debug|Any CPU
		{9896901A-03B4-7D54-607F-52717C82A091}.Debug|x86.ActiveCfg = Debug|Any CPU
		{9896901A-03B4-7D54-607F-52717C82A091}.Debug|x86.Build.0 = Debug|Any CPU
		{9896901A-03B4-7D54-607F-52717C82A091}.Release|Any CPU.ActiveCfg = Release|Any CPU
		{9896901A-03B4-7D54-607F-52717C82A091}.Release|Any CPU.Build.0 = Release|Any CPU
		{9896901A-03B4-7D54-607F-52717C82A091}.Release|x64.ActiveCfg = Release|Any CPU
		{9896901A-03B4-7D54-607F-52717C82A091}.Release|x64.Build.0 = Release|Any CPU
		{9896901A-03B4-7D54-607F-52717C82A091}.Release|x86.ActiveCfg = Release|Any CPU
		{9896901A-03B4-7D54-607F-52717C82A091}.Release|x86.Build.0 = Release|Any CPU
		{EEFD6777-2375-4370-B3B6-6DFD4EE3F2EE}.Debug|Any CPU.ActiveCfg = Debug|Any CPU
		{EEFD6777-2375-4370-B3B6-6DFD4EE3F2EE}.Debug|Any CPU.Build.0 = Debug|Any CPU
		{EEFD6777-2375-4370-B3B6-6DFD4EE3F2EE}.Debug|x64.ActiveCfg = Debug|Any CPU
		{EEFD6777-2375-4370-B3B6-6DFD4EE3F2EE}.Debug|x64.Build.0 = Debug|Any CPU
		{EEFD6777-2375-4370-B3B6-6DFD4EE3F2EE}.Debug|x86.ActiveCfg = Debug|Any CPU
		{EEFD6777-2375-4370-B3B6-6DFD4EE3F2EE}.Debug|x86.Build.0 = Debug|Any CPU
		{EEFD6777-2375-4370-B3B6-6DFD4EE3F2EE}.Release|Any CPU.ActiveCfg = Release|Any CPU
		{EEFD6777-2375-4370-B3B6-6DFD4EE3F2EE}.Release|Any CPU.Build.0 = Release|Any CPU
		{EEFD6777-2375-4370-B3B6-6DFD4EE3F2EE}.Release|x64.ActiveCfg = Release|Any CPU
		{EEFD6777-2375-4370-B3B6-6DFD4EE3F2EE}.Release|x64.Build.0 = Release|Any CPU
		{EEFD6777-2375-4370-B3B6-6DFD4EE3F2EE}.Release|x86.ActiveCfg = Release|Any CPU
		{EEFD6777-2375-4370-B3B6-6DFD4EE3F2EE}.Release|x86.Build.0 = Release|Any CPU
		{3E0517F2-20C8-423B-8391-31F19A05AC81}.Debug|Any CPU.ActiveCfg = Debug|Any CPU
		{3E0517F2-20C8-423B-8391-31F19A05AC81}.Debug|Any CPU.Build.0 = Debug|Any CPU
		{3E0517F2-20C8-423B-8391-31F19A05AC81}.Debug|x64.ActiveCfg = Debug|Any CPU
		{3E0517F2-20C8-423B-8391-31F19A05AC81}.Debug|x64.Build.0 = Debug|Any CPU
		{3E0517F2-20C8-423B-8391-31F19A05AC81}.Debug|x86.ActiveCfg = Debug|Any CPU
		{3E0517F2-20C8-423B-8391-31F19A05AC81}.Debug|x86.Build.0 = Debug|Any CPU
		{3E0517F2-20C8-423B-8391-31F19A05AC81}.Release|Any CPU.ActiveCfg = Release|Any CPU
		{3E0517F2-20C8-423B-8391-31F19A05AC81}.Release|Any CPU.Build.0 = Release|Any CPU
		{3E0517F2-20C8-423B-8391-31F19A05AC81}.Release|x64.ActiveCfg = Release|Any CPU
		{3E0517F2-20C8-423B-8391-31F19A05AC81}.Release|x64.Build.0 = Release|Any CPU
		{3E0517F2-20C8-423B-8391-31F19A05AC81}.Release|x86.ActiveCfg = Release|Any CPU
		{3E0517F2-20C8-423B-8391-31F19A05AC81}.Release|x86.Build.0 = Release|Any CPU
		{0D4E3923-E6E2-00BC-56B2-6FB633066048}.Debug|Any CPU.ActiveCfg = Debug|Any CPU
		{0D4E3923-E6E2-00BC-56B2-6FB633066048}.Debug|Any CPU.Build.0 = Debug|Any CPU
		{0D4E3923-E6E2-00BC-56B2-6FB633066048}.Debug|x64.ActiveCfg = Debug|Any CPU
		{0D4E3923-E6E2-00BC-56B2-6FB633066048}.Debug|x64.Build.0 = Debug|Any CPU
		{0D4E3923-E6E2-00BC-56B2-6FB633066048}.Debug|x86.ActiveCfg = Debug|Any CPU
		{0D4E3923-E6E2-00BC-56B2-6FB633066048}.Debug|x86.Build.0 = Debug|Any CPU
		{0D4E3923-E6E2-00BC-56B2-6FB633066048}.Release|Any CPU.ActiveCfg = Release|Any CPU
		{0D4E3923-E6E2-00BC-56B2-6FB633066048}.Release|Any CPU.Build.0 = Release|Any CPU
		{0D4E3923-E6E2-00BC-56B2-6FB633066048}.Release|x64.ActiveCfg = Release|Any CPU
		{0D4E3923-E6E2-00BC-56B2-6FB633066048}.Release|x64.Build.0 = Release|Any CPU
		{0D4E3923-E6E2-00BC-56B2-6FB633066048}.Release|x86.ActiveCfg = Release|Any CPU
		{0D4E3923-E6E2-00BC-56B2-6FB633066048}.Release|x86.Build.0 = Release|Any CPU
		{40CB4428-1453-448A-AC00-1CA4038EE949}.Debug|Any CPU.ActiveCfg = Debug|Any CPU
		{40CB4428-1453-448A-AC00-1CA4038EE949}.Debug|Any CPU.Build.0 = Debug|Any CPU
		{40CB4428-1453-448A-AC00-1CA4038EE949}.Debug|x64.ActiveCfg = Debug|Any CPU
		{40CB4428-1453-448A-AC00-1CA4038EE949}.Debug|x64.Build.0 = Debug|Any CPU
		{40CB4428-1453-448A-AC00-1CA4038EE949}.Debug|x86.ActiveCfg = Debug|Any CPU
		{40CB4428-1453-448A-AC00-1CA4038EE949}.Debug|x86.Build.0 = Debug|Any CPU
		{40CB4428-1453-448A-AC00-1CA4038EE949}.Release|Any CPU.ActiveCfg = Release|Any CPU
		{40CB4428-1453-448A-AC00-1CA4038EE949}.Release|Any CPU.Build.0 = Release|Any CPU
		{40CB4428-1453-448A-AC00-1CA4038EE949}.Release|x64.ActiveCfg = Release|Any CPU
		{40CB4428-1453-448A-AC00-1CA4038EE949}.Release|x64.Build.0 = Release|Any CPU
		{40CB4428-1453-448A-AC00-1CA4038EE949}.Release|x86.ActiveCfg = Release|Any CPU
		{40CB4428-1453-448A-AC00-1CA4038EE949}.Release|x86.Build.0 = Release|Any CPU
	EndGlobalSection
	GlobalSection(SolutionProperties) = preSolution
		HideSolutionNode = FALSE
	EndGlobalSection
	GlobalSection(NestedProjects) = preSolution
		{3E0517F2-20C8-423B-8391-31F19A05AC81} = {F22ED796-7499-BB43-3AE7-3216FC7CD94B}
		{0D4E3923-E6E2-00BC-56B2-6FB633066048} = {06E776DE-E611-289D-6E08-27401DA8D9E2}
	EndGlobalSection
	GlobalSection(ExtensibilityGlobals) = postSolution
		SolutionGuid = {01B1A3C1-9667-4023-BE5F-F9778969BBD1}
	EndGlobalSection
EndGlobal
