
Microsoft Visual Studio Solution File, Format Version 12.00
# Visual Studio Version 17
VisualStudioVersion = 17.5.2.0
MinimumVisualStudioVersion = 10.0.40219.1
Project("{FAE04EC0-301F-11D3-BF4B-00C04F79EFBC}") = "UnitConvert", "UnitConvert\UnitConvert.csproj", "{9896901A-03B4-7D54-607F-52717C82A091}"
EndProject
Project("{FAE04EC0-301F-11D3-BF4B-00C04F79EFBC}") = "ErrorCalculator", "ErrorCalculator\ErrorCalculator.csproj", "{EEFD6777-2375-4370-B3B6-6DFD4EE3F2EE}"
EndProject
Project("{FAE04EC0-301F-11D3-BF4B-00C04F79EFBC}") = "ForceCalculator", "ForceCalculator\ForceCalculator.csproj", "{48AF0A2D-F441-4C8D-B5A0-FB50F422DD6B}"
EndProject
Global
	GlobalSection(SolutionConfigurationPlatforms) = preSolution
		Debug|Any CPU = Debug|Any CPU
		Debug|x64 = Debug|x64
		Debug|x86 = Debug|x86
		Release|Any CPU = Release|Any CPU
		Release|x64 = Release|x64
		Release|x86 = Release|x86
	EndGlobalSection
	GlobalSection(ProjectConfigurationPlatforms) = postSolution
		{9896901A-03B4-7D54-607F-52717C82A091}.Debug|Any CPU.ActiveCfg = Debug|Any CPU
		{9896901A-03B4-7D54-607F-52717C82A091}.Debug|Any CPU.Build.0 = Debug|Any CPU
		{9896901A-03B4-7D54-607F-52717C82A091}.Debug|x64.ActiveCfg = Debug|Any CPU
		{9896901A-03B4-7D54-607F-52717C82A091}.Debug|x64.Build.0 = Debug|Any CPU
		{9896901A-03B4-7D54-607F-52717C82A091}.Debug|x86.ActiveCfg = Debug|Any CPU
		{9896901A-03B4-7D54-607F-52717C82A091}.Debug|x86.Build.0 = Debug|Any CPU
		{9896901A-03B4-7D54-607F-52717C82A091}.Release|Any CPU.ActiveCfg = Release|Any CPU
		{9896901A-03B4-7D54-607F-52717C82A091}.Release|Any CPU.Build.0 = Release|Any CPU
		{9896901A-03B4-7D54-607F-52717C82A091}.Release|x64.ActiveCfg = Release|Any CPU
		{9896901A-03B4-7D54-607F-52717C82A091}.Release|x64.Build.0 = Release|Any CPU
		{9896901A-03B4-7D54-607F-52717C82A091}.Release|x86.ActiveCfg = Release|Any CPU
		{9896901A-03B4-7D54-607F-52717C82A091}.Release|x86.Build.0 = Release|Any CPU
		{EEFD6777-2375-4370-B3B6-6DFD4EE3F2EE}.Debug|Any CPU.ActiveCfg = Debug|Any CPU
		{EEFD6777-2375-4370-B3B6-6DFD4EE3F2EE}.Debug|Any CPU.Build.0 = Debug|Any CPU
		{EEFD6777-2375-4370-B3B6-6DFD4EE3F2EE}.Debug|x64.ActiveCfg = Debug|Any CPU
		{EEFD6777-2375-4370-B3B6-6DFD4EE3F2EE}.Debug|x64.Build.0 = Debug|Any CPU
		{EEFD6777-2375-4370-B3B6-6DFD4EE3F2EE}.Debug|x86.ActiveCfg = Debug|Any CPU
		{EEFD6777-2375-4370-B3B6-6DFD4EE3F2EE}.Debug|x86.Build.0 = Debug|Any CPU
		{EEFD6777-2375-4370-B3B6-6DFD4EE3F2EE}.Release|Any CPU.ActiveCfg = Release|Any CPU
		{EEFD6777-2375-4370-B3B6-6DFD4EE3F2EE}.Release|Any CPU.Build.0 = Release|Any CPU
		{EEFD6777-2375-4370-B3B6-6DFD4EE3F2EE}.Release|x64.ActiveCfg = Release|Any CPU
		{EEFD6777-2375-4370-B3B6-6DFD4EE3F2EE}.Release|x64.Build.0 = Release|Any CPU
		{EEFD6777-2375-4370-B3B6-6DFD4EE3F2EE}.Release|x86.ActiveCfg = Release|Any CPU
		{EEFD6777-2375-4370-B3B6-6DFD4EE3F2EE}.Release|x86.Build.0 = Release|Any CPU
		{48AF0A2D-F441-4C8D-B5A0-FB50F422DD6B}.Debug|Any CPU.ActiveCfg = Debug|Any CPU
		{48AF0A2D-F441-4C8D-B5A0-FB50F422DD6B}.Debug|Any CPU.Build.0 = Debug|Any CPU
		{48AF0A2D-F441-4C8D-B5A0-FB50F422DD6B}.Debug|x64.ActiveCfg = Debug|Any CPU
		{48AF0A2D-F441-4C8D-B5A0-FB50F422DD6B}.Debug|x64.Build.0 = Debug|Any CPU
		{48AF0A2D-F441-4C8D-B5A0-FB50F422DD6B}.Debug|x86.ActiveCfg = Debug|Any CPU
		{48AF0A2D-F441-4C8D-B5A0-FB50F422DD6B}.Debug|x86.Build.0 = Debug|Any CPU
		{48AF0A2D-F441-4C8D-B5A0-FB50F422DD6B}.Release|Any CPU.ActiveCfg = Release|Any CPU
		{48AF0A2D-F441-4C8D-B5A0-FB50F422DD6B}.Release|Any CPU.Build.0 = Release|Any CPU
		{48AF0A2D-F441-4C8D-B5A0-FB50F422DD6B}.Release|x64.ActiveCfg = Release|Any CPU
		{48AF0A2D-F441-4C8D-B5A0-FB50F422DD6B}.Release|x64.Build.0 = Release|Any CPU
		{48AF0A2D-F441-4C8D-B5A0-FB50F422DD6B}.Release|x86.ActiveCfg = Release|Any CPU
		{48AF0A2D-F441-4C8D-B5A0-FB50F422DD6B}.Release|x86.Build.0 = Release|Any CPU
	EndGlobalSection
	GlobalSection(SolutionProperties) = preSolution
		HideSolutionNode = FALSE
	EndGlobalSection
	GlobalSection(ExtensibilityGlobals) = postSolution
		SolutionGuid = {01B1A3C1-9667-4023-BE5F-F9778969BBD1}
	EndGlobalSection
EndGlobal
